
Microsoft Visual Studio Solution File, Format Version 12.00
# Visual Studio 15
VisualStudioVersion = 15.0.25618.0
MinimumVisualStudioVersion = 10.0.40219.1
Project("{FAE04EC0-301F-11D3-BF4B-00C04F79EFBC}") = "Horizon.MvvmFramework", "Horizon.MvvmFramework\Horizon.MvvmFramework.csproj", "{B4F5B1EE-3D4C-410E-A3A7-D63B6E3E1BFD}"
EndProject
Project("{FAE04EC0-301F-11D3-BF4B-00C04F79EFBC}") = "Horizon.MvvmFramework.Wpf", "Horizon.MvvmFramework.Wpf\Horizon.MvvmFramework.Wpf.csproj", "{CBC9E782-C74A-417A-A045-E6E6F7AA9126}"
EndProject
Project("{FAE04EC0-301F-11D3-BF4B-00C04F79EFBC}") = "Horizon.MvvmFramework.Wpf.Tests", "Horizon.MvvmFramework.Wpf.Tests\Horizon.MvvmFramework.Wpf.Tests.csproj", "{63263725-D03F-4D6D-ADBE-271F2582B9F3}"
EndProject
Global
	GlobalSection(SolutionConfigurationPlatforms) = preSolution
		Debug|Any CPU = Debug|Any CPU
		Release|Any CPU = Release|Any CPU
	EndGlobalSection
	GlobalSection(ProjectConfigurationPlatforms) = postSolution
		{B4F5B1EE-3D4C-410E-A3A7-D63B6E3E1BFD}.Debug|Any CPU.ActiveCfg = Debug|Any CPU
		{B4F5B1EE-3D4C-410E-A3A7-D63B6E3E1BFD}.Debug|Any CPU.Build.0 = Debug|Any CPU
		{B4F5B1EE-3D4C-410E-A3A7-D63B6E3E1BFD}.Release|Any CPU.ActiveCfg = Release|Any CPU
		{B4F5B1EE-3D4C-410E-A3A7-D63B6E3E1BFD}.Release|Any CPU.Build.0 = Release|Any CPU
		{CBC9E782-C74A-417A-A045-E6E6F7AA9126}.Debug|Any CPU.ActiveCfg = Debug|Any CPU
		{CBC9E782-C74A-417A-A045-E6E6F7AA9126}.Debug|Any CPU.Build.0 = Debug|Any CPU
		{CBC9E782-C74A-417A-A045-E6E6F7AA9126}.Release|Any CPU.ActiveCfg = Release|Any CPU
		{CBC9E782-C74A-417A-A045-E6E6F7AA9126}.Release|Any CPU.Build.0 = Release|Any CPU
		{63263725-D03F-4D6D-ADBE-271F2582B9F3}.Debug|Any CPU.ActiveCfg = Debug|Any CPU
		{63263725-D03F-4D6D-ADBE-271F2582B9F3}.Debug|Any CPU.Build.0 = Debug|Any CPU
		{63263725-D03F-4D6D-ADBE-271F2582B9F3}.Release|Any CPU.ActiveCfg = Release|Any CPU
		{63263725-D03F-4D6D-ADBE-271F2582B9F3}.Release|Any CPU.Build.0 = Release|Any CPU
	EndGlobalSection
	GlobalSection(SolutionProperties) = preSolution
		HideSolutionNode = FALSE
	EndGlobalSection
EndGlobal
